PODS:
  - Flutter (1.0.0)
  - FMDB (2.7.5):
    - FMDB/standard (= 2.7.5)
  - FMDB/standard (2.7.5)
  - path_provider (0.0.1):
    - Flutter
  - SDWebImage (5.10.0):
    - SDWebImage/Core (= 5.10.0)
  - SDWebImage/Core (5.10.0)
  - sqflite (0.0.2):
    - Flutter
    - FMDB (>= 2.7.5)
  - Storyly (1.10.0):
    - SDWebImage (= 5.10.0)
  - storyly_flutter (1.10.0):
    - Flutter
    - Storyly (= 1.10.0)

DEPENDENCIES:
  - Flutter (from `Flutter`)
  - path_provider (from `.symlinks/plugins/path_provider/ios`)
  - sqflite (from `.symlinks/plugins/sqflite/ios`)
  - storyly_flutter (from `.symlinks/plugins/storyly_flutter/ios`)

SPEC REPOS:
  trunk:
    - FMDB
    - SDWebImage
    - Storyly

EXTERNAL SOURCES:
  Flutter:
    :path: Flutter
  path_provider:
    :path: ".symlinks/plugins/path_provider/ios"
  sqflite:
    :path: ".symlinks/plugins/sqflite/ios"
  storyly_flutter:
    :path: ".symlinks/plugins/storyly_flutter/ios"

SPEC CHECKSUMS:
  Flutter: 434fef37c0980e73bb6479ef766c45957d4b510c
  FMDB: 2ce00b547f966261cd18927a3ddb07cb6f3db82a
  path_provider: abfe2b5c733d04e238b0d8691db0cfd63a27a93c
  SDWebImage: 9169792e9eec3e45bba2a0c02f74bf8bd922d1ee
  sqflite: 6d358c025f5b867b29ed92fc697fd34924e11904
  Storyly: 86fc3288f6b3603b2de885447576e9ea6bb30726
  storyly_flutter: a696bf61f8414ba4e87b2264a357cb708168dd72

PODFILE CHECKSUM: aafe91acc616949ddb318b77800a7f51bffa2a4c

COCOAPODS: 1.10.1
